
Microsoft Visual Studio Solution File, Format Version 12.00
# Visual Studio Version 16
VisualStudioVersion = 16.0.30717.126
MinimumVisualStudioVersion = 10.0.40219.1
Project("{9A19103F-16F7-4668-BE54-9A1E7A4F7556}") = "API", "API\API.csproj", "{FE25C8D6-D91C-442D-830F-03293DAFCFB9}"
EndProject
Project("{2150E333-8FDC-42A3-9474-1A3956D46DE8}") = "Infrastructure", "Infrastructure", "{B94A1ABC-07C3-4E0A-ABBA-1C39C2713680}"
EndProject
Project("{9A19103F-16F7-4668-BE54-9A1E7A4F7556}") = "ThirdPartyServices", "ThirdPartyServices\ThirdPartyServices.csproj", "{07D73D31-B95B-4FE4-BBF9-081729D26908}"
EndProject
Project("{2150E333-8FDC-42A3-9474-1A3956D46DE8}") = "Presentation", "Presentation", "{5A2AC7D0-7F21-4D00-8A01-65DBC5AE52B9}"
EndProject
Project("{2150E333-8FDC-42A3-9474-1A3956D46DE8}") = "Service", "Service", "{20148A5E-B1D8-473C-B902-FAF42F488C67}"
EndProject
Project("{9A19103F-16F7-4668-BE54-9A1E7A4F7556}") = "InternalServices", "InternalServices\InternalServices.csproj", "{0D8A3735-2D88-4012-B10C-55D221F7A8A8}"
EndProject
Project("{9A19103F-16F7-4668-BE54-9A1E7A4F7556}") = "Persistence", "Persistence\Persistence.csproj", "{F3528DDB-52B5-4E4F-AFF1-950BC385BC54}"
EndProject
Project("{2150E333-8FDC-42A3-9474-1A3956D46DE8}") = "Core", "Core", "{4749A7A4-08BA-492F-B425-C2A765B577D4}"
EndProject
Project("{9A19103F-16F7-4668-BE54-9A1E7A4F7556}") = "Domain", "Domain\Domain.csproj", "{7201632C-2727-4D98-96D6-DAFDB358DB0C}"
EndProject
Project("{9A19103F-16F7-4668-BE54-9A1E7A4F7556}") = "Application", "Application\Application.csproj", "{45CBFCE7-0422-4E63-BEDA-78F7399243CA}"
EndProject
Project("{E53339B2-1760-4266-BCC7-CA923CBCF16C}") = "docker-compose", "docker-compose.dcproj", "{6755205C-78B7-4D5D-B493-ECAA05D6B0DB}"
EndProject
Global
	GlobalSection(SolutionConfigurationPlatforms) = preSolution
		Debug|Any CPU = Debug|Any CPU
		Release|Any CPU = Release|Any CPU
	EndGlobalSection
	GlobalSection(ProjectConfigurationPlatforms) = postSolution
		{FE25C8D6-D91C-442D-830F-03293DAFCFB9}.Debug|Any CPU.ActiveCfg = Debug|Any CPU
		{FE25C8D6-D91C-442D-830F-03293DAFCFB9}.Debug|Any CPU.Build.0 = Debug|Any CPU
		{FE25C8D6-D91C-442D-830F-03293DAFCFB9}.Release|Any CPU.ActiveCfg = Release|Any CPU
		{FE25C8D6-D91C-442D-830F-03293DAFCFB9}.Release|Any CPU.Build.0 = Release|Any CPU
		{07D73D31-B95B-4FE4-BBF9-081729D26908}.Debug|Any CPU.ActiveCfg = Debug|Any CPU
		{07D73D31-B95B-4FE4-BBF9-081729D26908}.Debug|Any CPU.Build.0 = Debug|Any CPU
		{07D73D31-B95B-4FE4-BBF9-081729D26908}.Release|Any CPU.ActiveCfg = Release|Any CPU
		{07D73D31-B95B-4FE4-BBF9-081729D26908}.Release|Any CPU.Build.0 = Release|Any CPU
		{0D8A3735-2D88-4012-B10C-55D221F7A8A8}.Debug|Any CPU.ActiveCfg = Debug|Any CPU
		{0D8A3735-2D88-4012-B10C-55D221F7A8A8}.Debug|Any CPU.Build.0 = Debug|Any CPU
		{0D8A3735-2D88-4012-B10C-55D221F7A8A8}.Release|Any CPU.ActiveCfg = Release|Any CPU
		{0D8A3735-2D88-4012-B10C-55D221F7A8A8}.Release|Any CPU.Build.0 = Release|Any CPU
		{F3528DDB-52B5-4E4F-AFF1-950BC385BC54}.Debug|Any CPU.ActiveCfg = Debug|Any CPU
		{F3528DDB-52B5-4E4F-AFF1-950BC385BC54}.Debug|Any CPU.Build.0 = Debug|Any CPU
		{F3528DDB-52B5-4E4F-AFF1-950BC385BC54}.Release|Any CPU.ActiveCfg = Release|Any CPU
		{F3528DDB-52B5-4E4F-AFF1-950BC385BC54}.Release|Any CPU.Build.0 = Release|Any CPU
		{7201632C-2727-4D98-96D6-DAFDB358DB0C}.Debug|Any CPU.ActiveCfg = Debug|Any CPU
		{7201632C-2727-4D98-96D6-DAFDB358DB0C}.Debug|Any CPU.Build.0 = Debug|Any CPU
		{7201632C-2727-4D98-96D6-DAFDB358DB0C}.Release|Any CPU.ActiveCfg = Release|Any CPU
		{7201632C-2727-4D98-96D6-DAFDB358DB0C}.Release|Any CPU.Build.0 = Release|Any CPU
		{45CBFCE7-0422-4E63-BEDA-78F7399243CA}.Debug|Any CPU.ActiveCfg = Debug|Any CPU
		{45CBFCE7-0422-4E63-BEDA-78F7399243CA}.Debug|Any CPU.Build.0 = Debug|Any CPU
		{45CBFCE7-0422-4E63-BEDA-78F7399243CA}.Release|Any CPU.ActiveCfg = Release|Any CPU
		{45CBFCE7-0422-4E63-BEDA-78F7399243CA}.Release|Any CPU.Build.0 = Release|Any CPU
		{6755205C-78B7-4D5D-B493-ECAA05D6B0DB}.Debug|Any CPU.ActiveCfg = Debug|Any CPU
		{6755205C-78B7-4D5D-B493-ECAA05D6B0DB}.Debug|Any CPU.Build.0 = Debug|Any CPU
		{6755205C-78B7-4D5D-B493-ECAA05D6B0DB}.Release|Any CPU.ActiveCfg = Release|Any CPU
		{6755205C-78B7-4D5D-B493-ECAA05D6B0DB}.Release|Any CPU.Build.0 = Release|Any CPU
	EndGlobalSection
	GlobalSection(SolutionProperties) = preSolution
		HideSolutionNode = FALSE
	EndGlobalSection
	GlobalSection(NestedProjects) = preSolution
		{FE25C8D6-D91C-442D-830F-03293DAFCFB9} = {5A2AC7D0-7F21-4D00-8A01-65DBC5AE52B9}
		{07D73D31-B95B-4FE4-BBF9-081729D26908} = {20148A5E-B1D8-473C-B902-FAF42F488C67}
		{20148A5E-B1D8-473C-B902-FAF42F488C67} = {B94A1ABC-07C3-4E0A-ABBA-1C39C2713680}
		{0D8A3735-2D88-4012-B10C-55D221F7A8A8} = {20148A5E-B1D8-473C-B902-FAF42F488C67}
		{F3528DDB-52B5-4E4F-AFF1-950BC385BC54} = {B94A1ABC-07C3-4E0A-ABBA-1C39C2713680}
		{7201632C-2727-4D98-96D6-DAFDB358DB0C} = {4749A7A4-08BA-492F-B425-C2A765B577D4}
		{45CBFCE7-0422-4E63-BEDA-78F7399243CA} = {4749A7A4-08BA-492F-B425-C2A765B577D4}
	EndGlobalSection
	GlobalSection(ExtensibilityGlobals) = postSolution
		SolutionGuid = {41FCA6FB-3D36-46D7-B735-E8D9AE2F2B30}
	EndGlobalSection
EndGlobal
